# This file is generated by running "yarn install" inside your project.
# Manual changes might be lost - proceed with caution!

__metadata:
  version: 8
  cacheKey: 10c0

"esbuild-android-arm64@npm:0.14.11":
  version: 0.14.11
  resolution: "esbuild-android-arm64@npm:0.14.11"
  conditions: os=android & cpu=arm64
  languageName: node
  linkType: hard

"esbuild-darwin-64@npm:0.14.11":
  version: 0.14.11
  resolution: "esbuild-darwin-64@npm:0.14.11"
  conditions: os=darwin & cpu=x64
  languageName: node
  linkType: hard

"esbuild-darwin-arm64@npm:0.14.11":
  version: 0.14.11
  resolution: "esbuild-darwin-arm64@npm:0.14.11"
  conditions: os=darwin & cpu=arm64
  languageName: node
  linkType: hard

"esbuild-freebsd-64@npm:0.14.11":
  version: 0.14.11
  resolution: "esbuild-freebsd-64@npm:0.14.11"
  conditions: os=freebsd & cpu=x64
  languageName: node
  linkType: hard

"esbuild-freebsd-arm64@npm:0.14.11":
  version: 0.14.11
  resolution: "esbuild-freebsd-arm64@npm:0.14.11"
  conditions: os=freebsd & cpu=arm64
  languageName: node
  linkType: hard

"esbuild-linux-32@npm:0.14.11":
  version: 0.14.11
  resolution: "esbuild-linux-32@npm:0.14.11"
  conditions: os=linux & cpu=ia32
  languageName: node
  linkType: hard

"esbuild-linux-64@npm:0.14.11":
  version: 0.14.11
  resolution: "esbuild-linux-64@npm:0.14.11"
  conditions: os=linux & cpu=x64
  languageName: node
  linkType: hard

"esbuild-linux-arm64@npm:0.14.11":
  version: 0.14.11
  resolution: "esbuild-linux-arm64@npm:0.14.11"
  conditions: os=linux & cpu=arm64
  languageName: node
  linkType: hard

"esbuild-linux-arm@npm:0.14.11":
  version: 0.14.11
  resolution: "esbuild-linux-arm@npm:0.14.11"
  conditions: os=linux & cpu=arm
  languageName: node
  linkType: hard

"esbuild-linux-mips64le@npm:0.14.11":
  version: 0.14.11
  resolution: "esbuild-linux-mips64le@npm:0.14.11"
  conditions: os=linux & cpu=mips64el
  languageName: node
  linkType: hard

"esbuild-linux-ppc64le@npm:0.14.11":
  version: 0.14.11
  resolution: "esbuild-linux-ppc64le@npm:0.14.11"
  conditions: os=linux & cpu=ppc64
  languageName: node
  linkType: hard

"esbuild-linux-s390x@npm:0.14.11":
  version: 0.14.11
  resolution: "esbuild-linux-s390x@npm:0.14.11"
  conditions: os=linux & cpu=s390x
  languageName: node
  linkType: hard

"esbuild-netbsd-64@npm:0.14.11":
  version: 0.14.11
  resolution: "esbuild-netbsd-64@npm:0.14.11"
  conditions: os=netbsd & cpu=x64
  languageName: node
  linkType: hard

"esbuild-openbsd-64@npm:0.14.11":
  version: 0.14.11
  resolution: "esbuild-openbsd-64@npm:0.14.11"
  conditions: os=openbsd & cpu=x64
  languageName: node
  linkType: hard

"esbuild-sunos-64@npm:0.14.11":
  version: 0.14.11
  resolution: "esbuild-sunos-64@npm:0.14.11"
  conditions: os=sunos & cpu=x64
  languageName: node
  linkType: hard

"esbuild-windows-32@npm:0.14.11":
  version: 0.14.11
  resolution: "esbuild-windows-32@npm:0.14.11"
  conditions: os=win32 & cpu=ia32
  languageName: node
  linkType: hard

"esbuild-windows-64@npm:0.14.11":
  version: 0.14.11
  resolution: "esbuild-windows-64@npm:0.14.11"
  conditions: os=win32 & cpu=x64
  languageName: node
  linkType: hard

"esbuild-windows-arm64@npm:0.14.11":
  version: 0.14.11
  resolution: "esbuild-windows-arm64@npm:0.14.11"
  conditions: os=win32 & cpu=arm64
  languageName: node
  linkType: hard

"esbuild@npm:^0.14.11":
  version: 0.14.11
  resolution: "esbuild@npm:0.14.11"
  dependencies:
    esbuild-android-arm64: "npm:0.14.11"
    esbuild-darwin-64: "npm:0.14.11"
    esbuild-darwin-arm64: "npm:0.14.11"
    esbuild-freebsd-64: "npm:0.14.11"
    esbuild-freebsd-arm64: "npm:0.14.11"
    esbuild-linux-32: "npm:0.14.11"
    esbuild-linux-64: "npm:0.14.11"
    esbuild-linux-arm: "npm:0.14.11"
    esbuild-linux-arm64: "npm:0.14.11"
    esbuild-linux-mips64le: "npm:0.14.11"
    esbuild-linux-ppc64le: "npm:0.14.11"
    esbuild-linux-s390x: "npm:0.14.11"
    esbuild-netbsd-64: "npm:0.14.11"
    esbuild-openbsd-64: "npm:0.14.11"
    esbuild-sunos-64: "npm:0.14.11"
    esbuild-windows-32: "npm:0.14.11"
    esbuild-windows-64: "npm:0.14.11"
    esbuild-windows-arm64: "npm:0.14.11"
  dependenciesMeta:
    esbuild-android-arm64:
      optional: true
    esbuild-darwin-64:
      optional: true
    esbuild-darwin-arm64:
      optional: true
    esbuild-freebsd-64:
      optional: true
    esbuild-freebsd-arm64:
      optional: true
    esbuild-linux-32:
      optional: true
    esbuild-linux-64:
      optional: true
    esbuild-linux-arm:
      optional: true
    esbuild-linux-arm64:
      optional: true
    esbuild-linux-mips64le:
      optional: true
    esbuild-linux-ppc64le:
      optional: true
    esbuild-linux-s390x:
      optional: true
    esbuild-netbsd-64:
      optional: true
    esbuild-openbsd-64:
      optional: true
    esbuild-sunos-64:
      optional: true
    esbuild-windows-32:
      optional: true
    esbuild-windows-64:
      optional: true
    esbuild-windows-arm64:
      optional: true
  bin:
    esbuild: bin/esbuild
  checksum: 10c0/3cb7bd8a65bb6d78f46fd93204318fe667d9f1f8fd6e44dfb61da7f385c8906bf70a085d66a49b8ce5498ef564a8fb109efd6ca09b00dca1f90ab119b145dfcf
  languageName: node
  linkType: hard

"lean-qr@npm:^2.5.0":
  version: 2.5.0
  resolution: "lean-qr@npm:2.5.0"
  bin:
    lean-qr: cli.mjs
  checksum: 10c0/6c5721ca40c75a12ce671b6d3fef8090eadd750546ee5712a2a632dcad176f34b47f330a7a4605c76b02f2c5e7ca6bdab35d391aef84b3b4ea2363724a792b44
  languageName: node
  linkType: hard

"ordill@workspace:.":
  version: 0.0.0-use.local
  resolution: "ordill@workspace:."
  dependencies:
    esbuild: "npm:^0.14.11"
    lean-qr: "npm:^2.5.0"
    preact: "npm:^10.6.4"
    typescript: "npm:^4.5.4"
  languageName: unknown
  linkType: soft

"preact@npm:^10.6.4":
  version: 10.6.4
  resolution: "preact@npm:10.6.4"
  checksum: 10c0/cdab3015f332bd3912bfd9255eb6a47c0446216d3902c3f33fe09fcd05141bbf12c82d273f383d9349fb58a86b34b2d1937658f739aabd468a00d8d193fe4b04
  languageName: node
  linkType: hard

"typescript@npm:^4.5.4":
  version: 4.5.4
  resolution: "typescript@npm:4.5.4"
  bin:
    tsc: bin/tsc
    tsserver: bin/tsserver
  checksum: 10c0/4dccd6947e632cc0070653788a3a81051825e9a7acd4c3586124e5a145148bb57b0a401b81d220ac1eb7742a29d5d22fd35af033f839daa60738c3e4fecb5850
  languageName: node
  linkType: hard

"typescript@patch:typescript@npm%3A^4.5.4#optional!builtin<compat/typescript>":
  version: 4.5.4
  resolution: "typescript@patch:typescript@npm%3A4.5.4#optional!builtin<compat/typescript>::version=4.5.4&hash=f1b8ea"
  bin:
    tsc: bin/tsc
    tsserver: bin/tsserver
  checksum: 10c0/8c8931f7c88c5712ccba9b1b484401dbc494926cc4c290484de73076990b36d793c5507d1126640ab9e91f4208e3f6bf1f168e15a719636019498cb611825af4
  languageName: node
  linkType: hard
